
Microsoft Visual Studio Solution File, Format Version 12.00
# Visual Studio Express 2012 for Windows Desktop
Project("{FAE04EC0-301F-11D3-BF4B-00C04F79EFBC}") = "IdeaGen", "IdeaGen.csproj", "{B30952CC-49DF-4E96-90E0-93E0A311B3DD}"
EndProject
Global
	GlobalSection(SolutionConfigurationPlatforms) = preSolution
		Debug|Any CPU = Debug|Any CPU
		Release|Any CPU = Release|Any CPU
	EndGlobalSection
	GlobalSection(ProjectConfigurationPlatforms) = postSolution
		{B30952CC-49DF-4E96-90E0-93E0A311B3DD}.Debug|Any CPU.ActiveCfg = Debug|Any CPU
		{B30952CC-49DF-4E96-90E0-93E0A311B3DD}.Debug|Any CPU.Build.0 = Debug|Any CPU
		{B30952CC-49DF-4E96-90E0-93E0A311B3DD}.Release|Any CPU.ActiveCfg = Release|Any CPU
		{B30952CC-49DF-4E96-90E0-93E0A311B3DD}.Release|Any CPU.Build.0 = Release|Any CPU
	EndGlobalSection
	GlobalSection(SolutionProperties) = preSolution
		HideSolutionNode = FALSE
	EndGlobalSection
EndGlobal
